// !$*UTF8*$!
{
	archiveVersion = 1;
	classes = {
	};
	objectVersion = 77;
	objects = {

/* Begin PBXBuildFile section */
		DCECAA162D569F8C003F5643 /* Preview Assets.xcassets in Resources */ = {isa = PBXBuildFile; fileRef = DCECAA102D569F8C003F5643 /* Preview Assets.xcassets */; };
		DCECAA172D569F8C003F5643 /* Assets.xcassets in Resources */ = {isa = PBXBuildFile; fileRef = DCECAA122D569F8C003F5643 /* Assets.xcassets */; };
		DCECAA182D569F8C003F5643 /* ContentView.swift in Sources */ = {isa = PBXBuildFile; fileRef = DCECAA132D569F8C003F5643 /* ContentView.swift */; };
		DCECAA192D569F8C003F5643 /* PetTranslatorApp.swift in Sources */ = {isa = PBXBuildFile; fileRef = DCECAA142D569F8C003F5643 /* PetTranslatorApp.swift */; };
		DCECAA1E2D56A05E003F5643 /* TranslatorView.swift in Sources */ = {isa = PBXBuildFile; fileRef = DCECAA1D2D56A05E003F5643 /* TranslatorView.swift */; };
		DCECAA212D56A16F003F5643 /* TransletorViewModel.swift in Sources */ = {isa = PBXBuildFile; fileRef = DCECAA202D56A16F003F5643 /* TransletorViewModel.swift */; };
		DCECAA252D56A40B003F5643 /* RecordingView.swift in Sources */ = {isa = PBXBuildFile; fileRef = DCECAA242D56A40B003F5643 /* RecordingView.swift */; };
		DCECAA272D56A4B6003F5643 /* ProcessingView.swift in Sources */ = {isa = PBXBuildFile; fileRef = DCECAA262D56A4B6003F5643 /* ProcessingView.swift */; };
		DCECAA292D56A55E003F5643 /* ResultView.swift in Sources */ = {isa = PBXBuildFile; fileRef = DCECAA282D56A55E003F5643 /* ResultView.swift */; };
		DCECAA2C2D56A5E9003F5643 /* AudioRecorder.swift in Sources */ = {isa = PBXBuildFile; fileRef = DCECAA2B2D56A5E9003F5643 /* AudioRecorder.swift */; };
		DCECAA312D56E728003F5643 /* konkhmer-sleokchher.ttf in Resources */ = {isa = PBXBuildFile; fileRef = DCECAA302D56E728003F5643 /* konkhmer-sleokchher.ttf */; };
/* End PBXBuildFile section */

/* Begin PBXFileReference section */
		DCECA9FF2D569EED003F5643 /* PetTranslator.app */ = {isa = PBXFileReference; explicitFileType = wrapper.application; includeInIndex = 0; path = PetTranslator.app; sourceTree = BUILT_PRODUCTS_DIR; };
		DCECAA102D569F8C003F5643 /* Preview Assets.xcassets */ = {isa = PBXFileReference; lastKnownFileType = folder.assetcatalog; path = "Preview Assets.xcassets"; sourceTree = "<group>"; };
		DCECAA122D569F8C003F5643 /* Assets.xcassets */ = {isa = PBXFileReference; lastKnownFileType = folder.assetcatalog; path = Assets.xcassets; sourceTree = "<group>"; };
		DCECAA132D569F8C003F5643 /* ContentView.swift */ = {isa = PBXFileReference; lastKnownFileType = sourcecode.swift; path = ContentView.swift; sourceTree = "<group>"; };
		DCECAA142D569F8C003F5643 /* PetTranslatorApp.swift */ = {isa = PBXFileReference; lastKnownFileType = sourcecode.swift; path = PetTranslatorApp.swift; sourceTree = "<group>"; };
		DCECAA1D2D56A05E003F5643 /* TranslatorView.swift */ = {isa = PBXFileReference; lastKnownFileType = sourcecode.swift; path = TranslatorView.swift; sourceTree = "<group>"; };
		DCECAA202D56A16F003F5643 /* TransletorViewModel.swift */ = {isa = PBXFileReference; lastKnownFileType = sourcecode.swift; path = TransletorViewModel.swift; sourceTree = "<group>"; };
		DCECAA242D56A40B003F5643 /* RecordingView.swift */ = {isa = PBXFileReference; lastKnownFileType = sourcecode.swift; path = RecordingView.swift; sourceTree = "<group>"; };
		DCECAA262D56A4B6003F5643 /* ProcessingView.swift */ = {isa = PBXFileReference; lastKnownFileType = sourcecode.swift; path = ProcessingView.swift; sourceTree = "<group>"; };
		DCECAA282D56A55E003F5643 /* ResultView.swift */ = {isa = PBXFileReference; lastKnownFileType = sourcecode.swift; path = ResultView.swift; sourceTree = "<group>"; };
		DCECAA2B2D56A5E9003F5643 /* AudioRecorder.swift */ = {isa = PBXFileReference; lastKnownFileType = sourcecode.swift; path = AudioRecorder.swift; sourceTree = "<group>"; };
		DCECAA2E2D56A958003F5643 /* Info.plist */ = {isa = PBXFileReference; lastKnownFileType = text.plist; path = Info.plist; sourceTree = "<group>"; };
		DCECAA302D56E728003F5643 /* konkhmer-sleokchher.ttf */ = {isa = PBXFileReference; lastKnownFileType = file; path = "konkhmer-sleokchher.ttf"; sourceTree = "<group>"; };
/* End PBXFileReference section */

/* Begin PBXFrameworksBuildPhase section */
		DCECA9FC2D569EED003F5643 /* Frameworks */ = {
			isa = PBXFrameworksBuildPhase;
			buildActionMask = 2147483647;
			files = (
			);
			runOnlyForDeploymentPostprocessing = 0;
		};
/* End PBXFrameworksBuildPhase section */

/* Begin PBXGroup section */
		DCECA9F62D569EED003F5643 = {
			isa = PBXGroup;
			children = (
				DCECAA152D569F8C003F5643 /* PetTranslator */,
				DCECAA002D569EED003F5643 /* Products */,
			);
			sourceTree = "<group>";
		};
		DCECAA002D569EED003F5643 /* Products */ = {
			isa = PBXGroup;
			children = (
				DCECA9FF2D569EED003F5643 /* PetTranslator.app */,
			);
			name = Products;
			sourceTree = "<group>";
		};
		DCECAA112D569F8C003F5643 /* Preview Content */ = {
			isa = PBXGroup;
			children = (
				DCECAA102D569F8C003F5643 /* Preview Assets.xcassets */,
			);
			path = "Preview Content";
			sourceTree = "<group>";
		};
		DCECAA152D569F8C003F5643 /* PetTranslator */ = {
			isa = PBXGroup;
			children = (
				DCECAA2F2D56E656003F5643 /* font */,
				DCECAA2E2D56A958003F5643 /* Info.plist */,
				DCECAA2A2D56A5B5003F5643 /* Model */,
				DCECAA1F2D56A140003F5643 /* ViewModel */,
				DCECAA1A2D56A038003F5643 /* View */,
				DCECAA112D569F8C003F5643 /* Preview Content */,
				DCECAA122D569F8C003F5643 /* Assets.xcassets */,
				DCECAA132D569F8C003F5643 /* ContentView.swift */,
				DCECAA142D569F8C003F5643 /* PetTranslatorApp.swift */,
			);
			path = PetTranslator;
			sourceTree = "<group>";
		};
		DCECAA1A2D56A038003F5643 /* View */ = {
			isa = PBXGroup;
			children = (
				DCECAA1D2D56A05E003F5643 /* TranslatorView.swift */,
				DCECAA242D56A40B003F5643 /* RecordingView.swift */,
				DCECAA262D56A4B6003F5643 /* ProcessingView.swift */,
				DCECAA282D56A55E003F5643 /* ResultView.swift */,
			);
			path = View;
			sourceTree = "<group>";
		};
		DCECAA1F2D56A140003F5643 /* ViewModel */ = {
			isa = PBXGroup;
			children = (
				DCECAA202D56A16F003F5643 /* TransletorViewModel.swift */,
			);
			path = ViewModel;
			sourceTree = "<group>";
		};
		DCECAA2A2D56A5B5003F5643 /* Model */ = {
			isa = PBXGroup;
			children = (
				DCECAA2B2D56A5E9003F5643 /* AudioRecorder.swift */,
			);
			path = Model;
			sourceTree = "<group>";
		};
		DCECAA2F2D56E656003F5643 /* font */ = {
			isa = PBXGroup;
			children = (
				DCECAA302D56E728003F5643 /* konkhmer-sleokchher.ttf */,
			);
			path = font;
			sourceTree = "<group>";
		};
/* End PBXGroup section */

/* Begin PBXNativeTarget section */
		DCECA9FE2D569EED003F5643 /* PetTranslator */ = {
			isa = PBXNativeTarget;
			buildConfigurationList = DCECAA0D2D569EEF003F5643 /* Build configuration list for PBXNativeTarget "PetTranslator" */;
			buildPhases = (
				DCECA9FB2D569EED003F5643 /* Sources */,
				DCECA9FC2D569EED003F5643 /* Frameworks */,
				DCECA9FD2D569EED003F5643 /* Resources */,
			);
			buildRules = (
			);
			dependencies = (
			);
			name = PetTranslator;
			packageProductDependencies = (
			);
			productName = PetTranslator;
			productReference = DCECA9FF2D569EED003F5643 /* PetTranslator.app */;
			productType = "com.apple.product-type.application";
		};
/* End PBXNativeTarget section */

/* Begin PBXProject section */
		DCECA9F72D569EED003F5643 /* Project object */ = {
			isa = PBXProject;
			attributes = {
				BuildIndependentTargetsInParallel = 1;
				LastSwiftUpdateCheck = 1620;
				LastUpgradeCheck = 1620;
				TargetAttributes = {
					DCECA9FE2D569EED003F5643 = {
						CreatedOnToolsVersion = 16.2;
					};
				};
			};
			buildConfigurationList = DCECA9FA2D569EED003F5643 /* Build configuration list for PBXProject "PetTranslator" */;
			developmentRegion = en;
			hasScannedForEncodings = 0;
			knownRegions = (
				en,
				Base,
			);
			mainGroup = DCECA9F62D569EED003F5643;
			minimizedProjectReferenceProxies = 1;
			preferredProjectObjectVersion = 77;
			productRefGroup = DCECAA002D569EED003F5643 /* Products */;
			projectDirPath = "";
			projectRoot = "";
			targets = (
				DCECA9FE2D569EED003F5643 /* PetTranslator */,
			);
		};
/* End PBXProject section */

/* Begin PBXResourcesBuildPhase section */
		DCECA9FD2D569EED003F5643 /* Resources */ = {
			isa = PBXResourcesBuildPhase;
			buildActionMask = 2147483647;
			files = (
				DCECAA162D569F8C003F5643 /* Preview Assets.xcassets in Resources */,
				DCECAA312D56E728003F5643 /* konkhmer-sleokchher.ttf in Resources */,
				DCECAA172D569F8C003F5643 /* Assets.xcassets in Resources */,
			);
			runOnlyForDeploymentPostprocessing = 0;
		};
/* End PBXResourcesBuildPhase section */

/* Begin PBXSourcesBuildPhase section */
		DCECA9FB2D569EED003F5643 /* Sources */ = {
			isa = PBXSourcesBuildPhase;
			buildActionMask = 2147483647;
			files = (
				DCECAA182D569F8C003F5643 /* ContentView.swift in Sources */,
				DCECAA272D56A4B6003F5643 /* ProcessingView.swift in Sources */,
				DCECAA252D56A40B003F5643 /* RecordingView.swift in Sources */,
				DCECAA1E2D56A05E003F5643 /* TranslatorView.swift in Sources */,
				DCECAA212D56A16F003F5643 /* TransletorViewModel.swift in Sources */,
				DCECAA292D56A55E003F5643 /* ResultView.swift in Sources */,
				DCECAA2C2D56A5E9003F5643 /* AudioRecorder.swift in Sources */,
				DCECAA192D569F8C003F5643 /* PetTranslatorApp.swift in Sources */,
			);
			runOnlyForDeploymentPostprocessing = 0;
		};
/* End PBXSourcesBuildPhase section */

/* Begin XCBuildConfiguration section */
		DCECAA0B2D569EEF003F5643 /* Debug */ = {
			isa = XCBuildConfiguration;
			buildSettings = {
				ALWAYS_SEARCH_USER_PATHS = NO;
				ASSETCATALOG_COMPILER_GENERATE_SWIFT_ASSET_SYMBOL_EXTENSIONS = YES;
				CLANG_ANALYZER_NONNULL = YES;
				CLANG_ANALYZER_NUMBER_OBJECT_CONVERSION = YES_AGGRESSIVE;
				CLANG_CXX_LANGUAGE_STANDARD = "gnu++20";
				CLANG_ENABLE_MODULES = YES;
				CLANG_ENABLE_OBJC_ARC = YES;
				CLANG_ENABLE_OBJC_WEAK = YES;
				CLANG_WARN_BLOCK_CAPTURE_AUTORELEASING = YES;
				CLANG_WARN_BOOL_CONVERSION = YES;
				CLANG_WARN_COMMA = YES;
				CLANG_WARN_CONSTANT_CONVERSION = YES;
				CLANG_WARN_DEPRECATED_OBJC_IMPLEMENTATIONS = YES;
				CLANG_WARN_DIRECT_OBJC_ISA_USAGE = YES_ERROR;
				CLANG_WARN_DOCUMENTATION_COMMENTS = YES;
				CLANG_WARN_EMPTY_BODY = YES;
				CLANG_WARN_ENUM_CONVERSION = YES;
				CLANG_WARN_INFINITE_RECURSION = YES;
				CLANG_WARN_INT_CONVERSION = YES;
				CLANG_WARN_NON_LITERAL_NULL_CONVERSION = YES;
				CLANG_WARN_OBJC_IMPLICIT_RETAIN_SELF = YES;
				CLANG_WARN_OBJC_LITERAL_CONVERSION = YES;
				CLANG_WARN_OBJC_ROOT_CLASS = YES_ERROR;
				CLANG_WARN_QUOTED_INCLUDE_IN_FRAMEWORK_HEADER = YES;
				CLANG_WARN_RANGE_LOOP_ANALYSIS = YES;
				CLANG_WARN_STRICT_PROTOTYPES = YES;
				CLANG_WARN_SUSPICIOUS_MOVE = YES;
				CLANG_WARN_UNGUARDED_AVAILABILITY = YES_AGGRESSIVE;
				CLANG_WARN_UNREACHABLE_CODE = YES;
				CLANG_WARN__DUPLICATE_METHOD_MATCH = YES;
				COPY_PHASE_STRIP = NO;
				DEBUG_INFORMATION_FORMAT = dwarf;
				ENABLE_STRICT_OBJC_MSGSEND = YES;
				ENABLE_TESTABILITY = YES;
				ENABLE_USER_SCRIPT_SANDBOXING = YES;
				GCC_C_LANGUAGE_STANDARD = gnu17;
				GCC_DYNAMIC_NO_PIC = NO;
				GCC_NO_COMMON_BLOCKS = YES;
				GCC_OPTIMIZATION_LEVEL = 0;
				GCC_PREPROCESSOR_DEFINITIONS = (
					"DEBUG=1",
					"$(inherited)",
				);
				GCC_WARN_64_TO_32_BIT_CONVERSION = YES;
				GCC_WARN_ABOUT_RETURN_TYPE = YES_ERROR;
				GCC_WARN_UNDECLARED_SELECTOR = YES;
				GCC_WARN_UNINITIALIZED_AUTOS = YES_AGGRESSIVE;
				GCC_WARN_UNUSED_FUNCTION = YES;
				GCC_WARN_UNUSED_VARIABLE = YES;
				IPHONEOS_DEPLOYMENT_TARGET = 18.2;
				LOCALIZATION_PREFERS_STRING_CATALOGS = YES;
				MTL_ENABLE_DEBUG_INFO = INCLUDE_SOURCE;
				MTL_FAST_MATH = YES;
				ONLY_ACTIVE_ARCH = YES;
				SDKROOT = iphoneos;
				SWIFT_ACTIVE_COMPILATION_CONDITIONS = "DEBUG $(inherited)";
				SWIFT_OPTIMIZATION_LEVEL = "-Onone";
			};
			name = Debug;
		};
		DCECAA0C2D569EEF003F5643 /* Release */ = {
			isa = XCBuildConfiguration;
			buildSettings = {
				ALWAYS_SEARCH_USER_PATHS = NO;
				ASSETCATALOG_COMPILER_GENERATE_SWIFT_ASSET_SYMBOL_EXTENSIONS = YES;
				CLANG_ANALYZER_NONNULL = YES;
				CLANG_ANALYZER_NUMBER_OBJECT_CONVERSION = YES_AGGRESSIVE;
				CLANG_CXX_LANGUAGE_STANDARD = "gnu++20";
				CLANG_ENABLE_MODULES = YES;
				CLANG_ENABLE_OBJC_ARC = YES;
				CLANG_ENABLE_OBJC_WEAK = YES;
				CLANG_WARN_BLOCK_CAPTURE_AUTORELEASING = YES;
				CLANG_WARN_BOOL_CONVERSION = YES;
				CLANG_WARN_COMMA = YES;
				CLANG_WARN_CONSTANT_CONVERSION = YES;
				CLANG_WARN_DEPRECATED_OBJC_IMPLEMENTATIONS = YES;
				CLANG_WARN_DIRECT_OBJC_ISA_USAGE = YES_ERROR;
				CLANG_WARN_DOCUMENTATION_COMMENTS = YES;
				CLANG_WARN_EMPTY_BODY = YES;
				CLANG_WARN_ENUM_CONVERSION = YES;
				CLANG_WARN_INFINITE_RECURSION = YES;
				CLANG_WARN_INT_CONVERSION = YES;
				CLANG_WARN_NON_LITERAL_NULL_CONVERSION = YES;
				CLANG_WARN_OBJC_IMPLICIT_RETAIN_SELF = YES;
				CLANG_WARN_OBJC_LITERAL_CONVERSION = YES;
				CLANG_WARN_OBJC_ROOT_CLASS = YES_ERROR;
				CLANG_WARN_QUOTED_INCLUDE_IN_FRAMEWORK_HEADER = YES;
				CLANG_WARN_RANGE_LOOP_ANALYSIS = YES;
				CLANG_WARN_STRICT_PROTOTYPES = YES;
				CLANG_WARN_SUSPICIOUS_MOVE = YES;
				CLANG_WARN_UNGUARDED_AVAILABILITY = YES_AGGRESSIVE;
				CLANG_WARN_UNREACHABLE_CODE = YES;
				CLANG_WARN__DUPLICATE_METHOD_MATCH = YES;
				COPY_PHASE_STRIP = NO;
				DEBUG_INFORMATION_FORMAT = "dwarf-with-dsym";
				ENABLE_NS_ASSERTIONS = NO;
				ENABLE_STRICT_OBJC_MSGSEND = YES;
				ENABLE_USER_SCRIPT_SANDBOXING = YES;
				GCC_C_LANGUAGE_STANDARD = gnu17;
				GCC_NO_COMMON_BLOCKS = YES;
				GCC_WARN_64_TO_32_BIT_CONVERSION = YES;
				GCC_WARN_ABOUT_RETURN_TYPE = YES_ERROR;
				GCC_WARN_UNDECLARED_SELECTOR = YES;
				GCC_WARN_UNINITIALIZED_AUTOS = YES_AGGRESSIVE;
				GCC_WARN_UNUSED_FUNCTION = YES;
				GCC_WARN_UNUSED_VARIABLE = YES;
				IPHONEOS_DEPLOYMENT_TARGET = 18.2;
				LOCALIZATION_PREFERS_STRING_CATALOGS = YES;
				MTL_ENABLE_DEBUG_INFO = NO;
				MTL_FAST_MATH = YES;
				SDKROOT = iphoneos;
				SWIFT_COMPILATION_MODE = wholemodule;
				VALIDATE_PRODUCT = YES;
			};
			name = Release;
		};
		DCECAA0E2D569EEF003F5643 /* Debug */ = {
			isa = XCBuildConfiguration;
			buildSettings = {
				ASSETCATALOG_COMPILER_APPICON_NAME = AppIcon;
				ASSETCATALOG_COMPILER_GLOBAL_ACCENT_COLOR_NAME = AccentColor;
				CODE_SIGN_STYLE = Automatic;
				CURRENT_PROJECT_VERSION = 1;
				DEVELOPMENT_ASSET_PATHS = "\"PetTranslator/Preview Content\"";
				DEVELOPMENT_TEAM = 77YH724CV2;
				ENABLE_PREVIEWS = YES;
				GENERATE_INFOPLIST_FILE = YES;
				INFOPLIST_FILE = PetTranslator/Info.plist;
				INFOPLIST_KEY_UIApplicationSceneManifest_Generation = YES;
				INFOPLIST_KEY_UIApplicationSupportsIndirectInputEvents = YES;
				INFOPLIST_KEY_UILaunchScreen_Generation = YES;
				INFOPLIST_KEY_UISupportedInterfaceOrientations = UIInterfaceOrientationPortrait;
				INFOPLIST_KEY_UISupportedInterfaceOrientations_iPad = "UIInterfaceOrientationLandscapeLeft UIInterfaceOrientationLandscapeRight UIInterfaceOrientationPortrait UIInterfaceOrientationPortraitUpsideDown";
				IPHONEOS_DEPLOYMENT_TARGET = 16.6;
				LD_RUNPATH_SEARCH_PATHS = (
					"$(inherited)",
					"@executable_path/Frameworks",
				);
				MARKETING_VERSION = 1.0;
				PRODUCT_BUNDLE_IDENTIFIER = com.zakurakin.PetTranslator;
				PRODUCT_NAME = "$(TARGET_NAME)";
				SUPPORTED_PLATFORMS = "iphoneos iphonesimulator";
				SUPPORTS_MACCATALYST = NO;
				SUPPORTS_MAC_DESIGNED_FOR_IPHONE_IPAD = NO;
				SUPPORTS_XR_DESIGNED_FOR_IPHONE_IPAD = NO;
				SWIFT_EMIT_LOC_STRINGS = YES;
				SWIFT_VERSION = 5.0;
				TARGETED_DEVICE_FAMILY = 1;
			};
			name = Debug;
		};
		DCECAA0F2D569EEF003F5643 /* Release */ = {
			isa = XCBuildConfiguration;
			buildSettings = {
				ASSETCATALOG_COMPILER_APPICON_NAME = AppIcon;
				ASSETCATALOG_COMPILER_GLOBAL_ACCENT_COLOR_NAME = AccentColor;
				CODE_SIGN_STYLE = Automatic;
				CURRENT_PROJECT_VERSION = 1;
				DEVELOPMENT_ASSET_PATHS = "\"PetTranslator/Preview Content\"";
				DEVELOPMENT_TEAM = 77YH724CV2;
				ENABLE_PREVIEWS = YES;
				GENERATE_INFOPLIST_FILE = YES;
				INFOPLIST_FILE = PetTranslator/Info.plist;
				INFOPLIST_KEY_UIApplicationSceneManifest_Generation = YES;
				INFOPLIST_KEY_UIApplicationSupportsIndirectInputEvents = YES;
				INFOPLIST_KEY_UILaunchScreen_Generation = YES;
				INFOPLIST_KEY_UISupportedInterfaceOrientations = UIInterfaceOrientationPortrait;
				INFOPLIST_KEY_UISupportedInterfaceOrientations_iPad = "UIInterfaceOrientationLandscapeLeft UIInterfaceOrientationLandscapeRight UIInterfaceOrientationPortrait UIInterfaceOrientationPortraitUpsideDown";
				IPHONEOS_DEPLOYMENT_TARGET = 16.6;
				LD_RUNPATH_SEARCH_PATHS = (
					"$(inherited)",
					"@executable_path/Frameworks",
				);
				MARKETING_VERSION = 1.0;
				PRODUCT_BUNDLE_IDENTIFIER = com.zakurakin.PetTranslator;
				PRODUCT_NAME = "$(TARGET_NAME)";
				SUPPORTED_PLATFORMS = "iphoneos iphonesimulator";
				SUPPORTS_MACCATALYST = NO;
				SUPPORTS_MAC_DESIGNED_FOR_IPHONE_IPAD = NO;
				SUPPORTS_XR_DESIGNED_FOR_IPHONE_IPAD = NO;
				SWIFT_EMIT_LOC_STRINGS = YES;
				SWIFT_VERSION = 5.0;
				TARGETED_DEVICE_FAMILY = 1;
			};
			name = Release;
		};
/* End XCBuildConfiguration section */

/* Begin XCConfigurationList section */
		DCECA9FA2D569EED003F5643 /* Build configuration list for PBXProject "PetTranslator" */ = {
			isa = XCConfigurationList;
			buildConfigurations = (
				DCECAA0B2D569EEF003F5643 /* Debug */,
				DCECAA0C2D569EEF003F5643 /* Release */,
			);
			defaultConfigurationIsVisible = 0;
			defaultConfigurationName = Release;
		};
		DCECAA0D2D569EEF003F5643 /* Build configuration list for PBXNativeTarget "PetTranslator" */ = {
			isa = XCConfigurationList;
			buildConfigurations = (
				DCECAA0E2D569EEF003F5643 /* Debug */,
				DCECAA0F2D569EEF003F5643 /* Release */,
			);
			defaultConfigurationIsVisible = 0;
			defaultConfigurationName = Release;
		};
/* End XCConfigurationList section */
	};
	rootObject = DCECA9F72D569EED003F5643 /* Project object */;
}
